// !$*UTF8*$!
{
	archiveVersion = 1;
	classes = {
	};
	objectVersion = 56;
	objects = {

/* Begin PBXBuildFile section */
		DBA2764E2C49916500FAD04F /* AppDelegate.swift in Sources */ = {isa = PBXBuildFile; fileRef = DBA2764D2C49916500FAD04F /* AppDelegate.swift */; };
		DBA276502C49916500FAD04F /* SceneDelegate.swift in Sources */ = {isa = PBXBuildFile; fileRef = DBA2764F2C49916500FAD04F /* SceneDelegate.swift */; };
		DBA276522C49916500FAD04F /* HomeViewController.swift in Sources */ = {isa = PBXBuildFile; fileRef = DBA276512C49916500FAD04F /* HomeViewController.swift */; };
		DBA276552C49916500FAD04F /* Main.storyboard in Resources */ = {isa = PBXBuildFile; fileRef = DBA276532C49916500FAD04F /* Main.storyboard */; };
		DBA276572C49916500FAD04F /* Assets.xcassets in Resources */ = {isa = PBXBuildFile; fileRef = DBA276562C49916500FAD04F /* Assets.xcassets */; };
		DBA2765A2C49916500FAD04F /* LaunchScreen.storyboard in Resources */ = {isa = PBXBuildFile; fileRef = DBA276582C49916500FAD04F /* LaunchScreen.storyboard */; };
		DBA2766C2C49918400FAD04F /* UserRepository.swift in Sources */ = {isa = PBXBuildFile; fileRef = DBA276642C49918400FAD04F /* UserRepository.swift */; };
		DBA2766D2C49918400FAD04F /* IUserRepository.swift in Sources */ = {isa = PBXBuildFile; fileRef = DBA276672C49918400FAD04F /* IUserRepository.swift */; };
		DBA2766E2C49918400FAD04F /* HomeViewModel.swift in Sources */ = {isa = PBXBuildFile; fileRef = DBA2766A2C49918400FAD04F /* HomeViewModel.swift */; };
		DBA276812C4993BE00FAD04F /* DTOUser.swift in Sources */ = {isa = PBXBuildFile; fileRef = DBA276802C4993BE00FAD04F /* DTOUser.swift */; };
		DBA276832C49993500FAD04F /* FetchUsersUsecase.swift in Sources */ = {isa = PBXBuildFile; fileRef = DBA276822C49993500FAD04F /* FetchUsersUsecase.swift */; };
		DBA276872C49E54C00FAD04F /* MockUserRepository.swift in Sources */ = {isa = PBXBuildFile; fileRef = DBA276852C49E52500FAD04F /* MockUserRepository.swift */; };
		DBA276952C49EDC100FAD04F /* combine_demoTests.swift in Sources */ = {isa = PBXBuildFile; fileRef = DBA276942C49EDC100FAD04F /* combine_demoTests.swift */; };
		DBA2769B2C49EDC900FAD04F /* FetchUsersUseCaseTests.swift in Sources */ = {isa = PBXBuildFile; fileRef = DBA276882C49E72F00FAD04F /* FetchUsersUseCaseTests.swift */; };
/* End PBXBuildFile section */

/* Begin PBXContainerItemProxy section */
		DBA276962C49EDC100FAD04F /* PBXContainerItemProxy */ = {
			isa = PBXContainerItemProxy;
			containerPortal = DBA276422C49916500FAD04F /* Project object */;
			proxyType = 1;
			remoteGlobalIDString = DBA276492C49916500FAD04F;
			remoteInfo = combine_demo;
		};
/* End PBXContainerItemProxy section */

/* Begin PBXFileReference section */
		DBA2764A2C49916500FAD04F /* combine_demo.app */ = {isa = PBXFileReference; explicitFileType = wrapper.application; includeInIndex = 0; path = combine_demo.app; sourceTree = BUILT_PRODUCTS_DIR; };
		DBA2764D2C49916500FAD04F /* AppDelegate.swift */ = {isa = PBXFileReference; lastKnownFileType = sourcecode.swift; path = AppDelegate.swift; sourceTree = "<group>"; };
		DBA2764F2C49916500FAD04F /* SceneDelegate.swift */ = {isa = PBXFileReference; lastKnownFileType = sourcecode.swift; path = SceneDelegate.swift; sourceTree = "<group>"; };
		DBA276512C49916500FAD04F /* HomeViewController.swift */ = {isa = PBXFileReference; lastKnownFileType = sourcecode.swift; path = HomeViewController.swift; sourceTree = "<group>"; };
		DBA276542C49916500FAD04F /* Base */ = {isa = PBXFileReference; lastKnownFileType = file.storyboard; name = Base; path = Base.lproj/Main.storyboard; sourceTree = "<group>"; };
		DBA276562C49916500FAD04F /* Assets.xcassets */ = {isa = PBXFileReference; lastKnownFileType = folder.assetcatalog; path = Assets.xcassets; sourceTree = "<group>"; };
		DBA276592C49916500FAD04F /* Base */ = {isa = PBXFileReference; lastKnownFileType = file.storyboard; name = Base; path = Base.lproj/LaunchScreen.storyboard; sourceTree = "<group>"; };
		DBA2765B2C49916500FAD04F /* Info.plist */ = {isa = PBXFileReference; lastKnownFileType = text.plist.xml; path = Info.plist; sourceTree = "<group>"; };
		DBA276642C49918400FAD04F /* UserRepository.swift */ = {isa = PBXFileReference; fileEncoding = 4; lastKnownFileType = sourcecode.swift; path = UserRepository.swift; sourceTree = "<group>"; };
		DBA276672C49918400FAD04F /* IUserRepository.swift */ = {isa = PBXFileReference; fileEncoding = 4; lastKnownFileType = sourcecode.swift; path = IUserRepository.swift; sourceTree = "<group>"; };
		DBA2766A2C49918400FAD04F /* HomeViewModel.swift */ = {isa = PBXFileReference; fileEncoding = 4; lastKnownFileType = sourcecode.swift; path = HomeViewModel.swift; sourceTree = "<group>"; };
		DBA276802C4993BE00FAD04F /* DTOUser.swift */ = {isa = PBXFileReference; lastKnownFileType = sourcecode.swift; path = DTOUser.swift; sourceTree = "<group>"; };
		DBA276822C49993500FAD04F /* FetchUsersUsecase.swift */ = {isa = PBXFileReference; lastKnownFileType = sourcecode.swift; path = FetchUsersUsecase.swift; sourceTree = "<group>"; };
		DBA276852C49E52500FAD04F /* MockUserRepository.swift */ = {isa = PBXFileReference; lastKnownFileType = sourcecode.swift; path = MockUserRepository.swift; sourceTree = "<group>"; };
		DBA276882C49E72F00FAD04F /* FetchUsersUseCaseTests.swift */ = {isa = PBXFileReference; lastKnownFileType = sourcecode.swift; name = FetchUsersUseCaseTests.swift; path = combine_demoTests/FetchUsersUseCaseTests.swift; sourceTree = SOURCE_ROOT; };
		DBA276922C49EDC100FAD04F /* combine_demoTests.xctest */ = {isa = PBXFileReference; explicitFileType = wrapper.cfbundle; includeInIndex = 0; path = combine_demoTests.xctest; sourceTree = BUILT_PRODUCTS_DIR; };
		DBA276942C49EDC100FAD04F /* combine_demoTests.swift */ = {isa = PBXFileReference; lastKnownFileType = sourcecode.swift; path = combine_demoTests.swift; sourceTree = "<group>"; };
/* End PBXFileReference section */

/* Begin PBXFrameworksBuildPhase section */
		DBA276472C49916500FAD04F /* Frameworks */ = {
			isa = PBXFrameworksBuildPhase;
			buildActionMask = 2147483647;
			files = (
			);
			runOnlyForDeploymentPostprocessing = 0;
		};
		DBA2768F2C49EDC100FAD04F /* Frameworks */ = {
			isa = PBXFrameworksBuildPhase;
			buildActionMask = 2147483647;
			files = (
			);
			runOnlyForDeploymentPostprocessing = 0;
		};
/* End PBXFrameworksBuildPhase section */

/* Begin PBXGroup section */
		DBA276412C49916500FAD04F = {
			isa = PBXGroup;
			children = (
				DBA2764C2C49916500FAD04F /* combine_demo */,
				DBA276612C49918400FAD04F /* source */,
				DBA276932C49EDC100FAD04F /* combine_demoTests */,
				DBA2764B2C49916500FAD04F /* Products */,
			);
			sourceTree = "<group>";
		};
		DBA2764B2C49916500FAD04F /* Products */ = {
			isa = PBXGroup;
			children = (
				DBA2764A2C49916500FAD04F /* combine_demo.app */,
				DBA276922C49EDC100FAD04F /* combine_demoTests.xctest */,
			);
			name = Products;
			sourceTree = "<group>";
		};
		DBA2764C2C49916500FAD04F /* combine_demo */ = {
			isa = PBXGroup;
			children = (
				DBA2764D2C49916500FAD04F /* AppDelegate.swift */,
				DBA2764F2C49916500FAD04F /* SceneDelegate.swift */,
				DBA276532C49916500FAD04F /* Main.storyboard */,
				DBA276562C49916500FAD04F /* Assets.xcassets */,
				DBA276582C49916500FAD04F /* LaunchScreen.storyboard */,
				DBA2765B2C49916500FAD04F /* Info.plist */,
			);
			path = combine_demo;
			sourceTree = "<group>";
		};
		DBA276612C49918400FAD04F /* source */ = {
			isa = PBXGroup;
			children = (
				DBA276622C49918400FAD04F /* data */,
				DBA276652C49918400FAD04F /* domain */,
				DBA276692C49918400FAD04F /* presentation */,
			);
			path = source;
			sourceTree = "<group>";
		};
		DBA276622C49918400FAD04F /* data */ = {
			isa = PBXGroup;
			children = (
				DBA276632C49918400FAD04F /* UserRepository */,
			);
			path = data;
			sourceTree = "<group>";
		};
		DBA276632C49918400FAD04F /* UserRepository */ = {
			isa = PBXGroup;
			children = (
				DBA276852C49E52500FAD04F /* MockUserRepository.swift */,
				DBA276642C49918400FAD04F /* UserRepository.swift */,
			);
			path = UserRepository;
			sourceTree = "<group>";
		};
		DBA276652C49918400FAD04F /* domain */ = {
			isa = PBXGroup;
			children = (
				DBA2767F2C4993A800FAD04F /* DTO */,
				DBA276662C49918400FAD04F /* Repository */,
				DBA276682C49918400FAD04F /* Usecase */,
			);
			path = domain;
			sourceTree = "<group>";
		};
		DBA276662C49918400FAD04F /* Repository */ = {
			isa = PBXGroup;
			children = (
				DBA276672C49918400FAD04F /* IUserRepository.swift */,
			);
			path = Repository;
			sourceTree = "<group>";
		};
		DBA276682C49918400FAD04F /* Usecase */ = {
			isa = PBXGroup;
			children = (
				DBA276822C49993500FAD04F /* FetchUsersUsecase.swift */,
			);
			path = Usecase;
			sourceTree = "<group>";
		};
		DBA276692C49918400FAD04F /* presentation */ = {
			isa = PBXGroup;
			children = (
				DBA2766A2C49918400FAD04F /* HomeViewModel.swift */,
				DBA276512C49916500FAD04F /* HomeViewController.swift */,
			);
			path = presentation;
			sourceTree = "<group>";
		};
		DBA2767F2C4993A800FAD04F /* DTO */ = {
			isa = PBXGroup;
			children = (
				DBA276802C4993BE00FAD04F /* DTOUser.swift */,
			);
			path = DTO;
			sourceTree = "<group>";
		};
		DBA276932C49EDC100FAD04F /* combine_demoTests */ = {
			isa = PBXGroup;
			children = (
				DBA276942C49EDC100FAD04F /* combine_demoTests.swift */,
				DBA276882C49E72F00FAD04F /* FetchUsersUseCaseTests.swift */,
			);
			path = combine_demoTests;
			sourceTree = "<group>";
		};
/* End PBXGroup section */

/* Begin PBXNativeTarget section */
		DBA276492C49916500FAD04F /* combine_demo */ = {
			isa = PBXNativeTarget;
			buildConfigurationList = DBA2765E2C49916500FAD04F /* Build configuration list for PBXNativeTarget "combine_demo" */;
			buildPhases = (
				DBA276462C49916500FAD04F /* Sources */,
				DBA276472C49916500FAD04F /* Frameworks */,
				DBA276482C49916500FAD04F /* Resources */,
			);
			buildRules = (
			);
			dependencies = (
			);
			name = combine_demo;
			productName = combine_demo;
			productReference = DBA2764A2C49916500FAD04F /* combine_demo.app */;
			productType = "com.apple.product-type.application";
		};
		DBA276912C49EDC100FAD04F /* combine_demoTests */ = {
			isa = PBXNativeTarget;
			buildConfigurationList = DBA276982C49EDC100FAD04F /* Build configuration list for PBXNativeTarget "combine_demoTests" */;
			buildPhases = (
				DBA2768E2C49EDC100FAD04F /* Sources */,
				DBA2768F2C49EDC100FAD04F /* Frameworks */,
				DBA276902C49EDC100FAD04F /* Resources */,
			);
			buildRules = (
			);
			dependencies = (
				DBA276972C49EDC100FAD04F /* PBXTargetDependency */,
			);
			name = combine_demoTests;
			productName = combine_demoTests;
			productReference = DBA276922C49EDC100FAD04F /* combine_demoTests.xctest */;
			productType = "com.apple.product-type.bundle.unit-test";
		};
/* End PBXNativeTarget section */

/* Begin PBXProject section */
		DBA276422C49916500FAD04F /* Project object */ = {
			isa = PBXProject;
			attributes = {
				BuildIndependentTargetsInParallel = 1;
				LastSwiftUpdateCheck = 1520;
				LastUpgradeCheck = 1520;
				TargetAttributes = {
					DBA276492C49916500FAD04F = {
						CreatedOnToolsVersion = 15.2;
					};
					DBA276912C49EDC100FAD04F = {
						CreatedOnToolsVersion = 15.2;
						TestTargetID = DBA276492C49916500FAD04F;
					};
				};
			};
			buildConfigurationList = DBA276452C49916500FAD04F /* Build configuration list for PBXProject "combine_demo" */;
			compatibilityVersion = "Xcode 14.0";
			developmentRegion = en;
			hasScannedForEncodings = 0;
			knownRegions = (
				en,
				Base,
			);
			mainGroup = DBA276412C49916500FAD04F;
			productRefGroup = DBA2764B2C49916500FAD04F /* Products */;
			projectDirPath = "";
			projectRoot = "";
			targets = (
				DBA276492C49916500FAD04F /* combine_demo */,
				DBA276912C49EDC100FAD04F /* combine_demoTests */,
			);
		};
/* End PBXProject section */

/* Begin PBXResourcesBuildPhase section */
		DBA276482C49916500FAD04F /* Resources */ = {
			isa = PBXResourcesBuildPhase;
			buildActionMask = 2147483647;
			files = (
				DBA2765A2C49916500FAD04F /* LaunchScreen.storyboard in Resources */,
				DBA276572C49916500FAD04F /* Assets.xcassets in Resources */,
				DBA276552C49916500FAD04F /* Main.storyboard in Resources */,
			);
			runOnlyForDeploymentPostprocessing = 0;
		};
		DBA276902C49EDC100FAD04F /* Resources */ = {
			isa = PBXResourcesBuildPhase;
			buildActionMask = 2147483647;
			files = (
			);
			runOnlyForDeploymentPostprocessing = 0;
		};
/* End PBXResourcesBuildPhase section */

/* Begin PBXSourcesBuildPhase section */
		DBA276462C49916500FAD04F /* Sources */ = {
			isa = PBXSourcesBuildPhase;
			buildActionMask = 2147483647;
			files = (
				DBA2766D2C49918400FAD04F /* IUserRepository.swift in Sources */,
				DBA276812C4993BE00FAD04F /* DTOUser.swift in Sources */,
				DBA276522C49916500FAD04F /* HomeViewController.swift in Sources */,
				DBA276872C49E54C00FAD04F /* MockUserRepository.swift in Sources */,
				DBA2766E2C49918400FAD04F /* HomeViewModel.swift in Sources */,
				DBA2764E2C49916500FAD04F /* AppDelegate.swift in Sources */,
				DBA2766C2C49918400FAD04F /* UserRepository.swift in Sources */,
				DBA276502C49916500FAD04F /* SceneDelegate.swift in Sources */,
				DBA276832C49993500FAD04F /* FetchUsersUsecase.swift in Sources */,
			);
			runOnlyForDeploymentPostprocessing = 0;
		};
		DBA2768E2C49EDC100FAD04F /* Sources */ = {
			isa = PBXSourcesBuildPhase;
			buildActionMask = 2147483647;
			files = (
				DBA276952C49EDC100FAD04F /* combine_demoTests.swift in Sources */,
				DBA2769B2C49EDC900FAD04F /* FetchUsersUseCaseTests.swift in Sources */,
			);
			runOnlyForDeploymentPostprocessing = 0;
		};
/* End PBXSourcesBuildPhase section */

/* Begin PBXTargetDependency section */
		DBA276972C49EDC100FAD04F /* PBXTargetDependency */ = {
			isa = PBXTargetDependency;
			target = DBA276492C49916500FAD04F /* combine_demo */;
			targetProxy = DBA276962C49EDC100FAD04F /* PBXContainerItemProxy */;
		};
/* End PBXTargetDependency section */

/* Begin PBXVariantGroup section */
		DBA276532C49916500FAD04F /* Main.storyboard */ = {
			isa = PBXVariantGroup;
			children = (
				DBA276542C49916500FAD04F /* Base */,
			);
			name = Main.storyboard;
			sourceTree = "<group>";
		};
		DBA276582C49916500FAD04F /* LaunchScreen.storyboard */ = {
			isa = PBXVariantGroup;
			children = (
				DBA276592C49916500FAD04F /* Base */,
			);
			name = LaunchScreen.storyboard;
			sourceTree = "<group>";
		};
/* End PBXVariantGroup section */

/* Begin XCBuildConfiguration section */
		DBA2765C2C49916500FAD04F /* Debug */ = {
			isa = XCBuildConfiguration;
			buildSettings = {
				ALWAYS_SEARCH_USER_PATHS = NO;
				ASSETCATALOG_COMPILER_GENERATE_SWIFT_ASSET_SYMBOL_EXTENSIONS = YES;
				CLANG_ANALYZER_NONNULL = YES;
				CLANG_ANALYZER_NUMBER_OBJECT_CONVERSION = YES_AGGRESSIVE;
				CLANG_CXX_LANGUAGE_STANDARD = "gnu++20";
				CLANG_ENABLE_MODULES = YES;
				CLANG_ENABLE_OBJC_ARC = YES;
				CLANG_ENABLE_OBJC_WEAK = YES;
				CLANG_WARN_BLOCK_CAPTURE_AUTORELEASING = YES;
				CLANG_WARN_BOOL_CONVERSION = YES;
				CLANG_WARN_COMMA = YES;
				CLANG_WARN_CONSTANT_CONVERSION = YES;
				CLANG_WARN_DEPRECATED_OBJC_IMPLEMENTATIONS = YES;
				CLANG_WARN_DIRECT_OBJC_ISA_USAGE = YES_ERROR;
				CLANG_WARN_DOCUMENTATION_COMMENTS = YES;
				CLANG_WARN_EMPTY_BODY = YES;
				CLANG_WARN_ENUM_CONVERSION = YES;
				CLANG_WARN_INFINITE_RECURSION = YES;
				CLANG_WARN_INT_CONVERSION = YES;
				CLANG_WARN_NON_LITERAL_NULL_CONVERSION = YES;
				CLANG_WARN_OBJC_IMPLICIT_RETAIN_SELF = YES;
				CLANG_WARN_OBJC_LITERAL_CONVERSION = YES;
				CLANG_WARN_OBJC_ROOT_CLASS = YES_ERROR;
				CLANG_WARN_QUOTED_INCLUDE_IN_FRAMEWORK_HEADER = YES;
				CLANG_WARN_RANGE_LOOP_ANALYSIS = YES;
				CLANG_WARN_STRICT_PROTOTYPES = YES;
				CLANG_WARN_SUSPICIOUS_MOVE = YES;
				CLANG_WARN_UNGUARDED_AVAILABILITY = YES_AGGRESSIVE;
				CLANG_WARN_UNREACHABLE_CODE = YES;
				CLANG_WARN__DUPLICATE_METHOD_MATCH = YES;
				COPY_PHASE_STRIP = NO;
				DEBUG_INFORMATION_FORMAT = dwarf;
				ENABLE_STRICT_OBJC_MSGSEND = YES;
				ENABLE_TESTABILITY = YES;
				ENABLE_USER_SCRIPT_SANDBOXING = YES;
				GCC_C_LANGUAGE_STANDARD = gnu17;
				GCC_DYNAMIC_NO_PIC = NO;
				GCC_NO_COMMON_BLOCKS = YES;
				GCC_OPTIMIZATION_LEVEL = 0;
				GCC_PREPROCESSOR_DEFINITIONS = (
					"DEBUG=1",
					"$(inherited)",
				);
				GCC_WARN_64_TO_32_BIT_CONVERSION = YES;
				GCC_WARN_ABOUT_RETURN_TYPE = YES_ERROR;
				GCC_WARN_UNDECLARED_SELECTOR = YES;
				GCC_WARN_UNINITIALIZED_AUTOS = YES_AGGRESSIVE;
				GCC_WARN_UNUSED_FUNCTION = YES;
				GCC_WARN_UNUSED_VARIABLE = YES;
				IPHONEOS_DEPLOYMENT_TARGET = 17.2;
				LOCALIZATION_PREFERS_STRING_CATALOGS = YES;
				MTL_ENABLE_DEBUG_INFO = INCLUDE_SOURCE;
				MTL_FAST_MATH = YES;
				ONLY_ACTIVE_ARCH = YES;
				SDKROOT = iphoneos;
				SWIFT_ACTIVE_COMPILATION_CONDITIONS = "DEBUG $(inherited)";
				SWIFT_OPTIMIZATION_LEVEL = "-Onone";
			};
			name = Debug;
		};
		DBA2765D2C49916500FAD04F /* Release */ = {
			isa = XCBuildConfiguration;
			buildSettings = {
				ALWAYS_SEARCH_USER_PATHS = NO;
				ASSETCATALOG_COMPILER_GENERATE_SWIFT_ASSET_SYMBOL_EXTENSIONS = YES;
				CLANG_ANALYZER_NONNULL = YES;
				CLANG_ANALYZER_NUMBER_OBJECT_CONVERSION = YES_AGGRESSIVE;
				CLANG_CXX_LANGUAGE_STANDARD = "gnu++20";
				CLANG_ENABLE_MODULES = YES;
				CLANG_ENABLE_OBJC_ARC = YES;
				CLANG_ENABLE_OBJC_WEAK = YES;
				CLANG_WARN_BLOCK_CAPTURE_AUTORELEASING = YES;
				CLANG_WARN_BOOL_CONVERSION = YES;
				CLANG_WARN_COMMA = YES;
				CLANG_WARN_CONSTANT_CONVERSION = YES;
				CLANG_WARN_DEPRECATED_OBJC_IMPLEMENTATIONS = YES;
				CLANG_WARN_DIRECT_OBJC_ISA_USAGE = YES_ERROR;
				CLANG_WARN_DOCUMENTATION_COMMENTS = YES;
				CLANG_WARN_EMPTY_BODY = YES;
				CLANG_WARN_ENUM_CONVERSION = YES;
				CLANG_WARN_INFINITE_RECURSION = YES;
				CLANG_WARN_INT_CONVERSION = YES;
				CLANG_WARN_NON_LITERAL_NULL_CONVERSION = YES;
				CLANG_WARN_OBJC_IMPLICIT_RETAIN_SELF = YES;
				CLANG_WARN_OBJC_LITERAL_CONVERSION = YES;
				CLANG_WARN_OBJC_ROOT_CLASS = YES_ERROR;
				CLANG_WARN_QUOTED_INCLUDE_IN_FRAMEWORK_HEADER = YES;
				CLANG_WARN_RANGE_LOOP_ANALYSIS = YES;
				CLANG_WARN_STRICT_PROTOTYPES = YES;
				CLANG_WARN_SUSPICIOUS_MOVE = YES;
				CLANG_WARN_UNGUARDED_AVAILABILITY = YES_AGGRESSIVE;
				CLANG_WARN_UNREACHABLE_CODE = YES;
				CLANG_WARN__DUPLICATE_METHOD_MATCH = YES;
				COPY_PHASE_STRIP = NO;
				DEBUG_INFORMATION_FORMAT = "dwarf-with-dsym";
				ENABLE_NS_ASSERTIONS = NO;
				ENABLE_STRICT_OBJC_MSGSEND = YES;
				ENABLE_USER_SCRIPT_SANDBOXING = YES;
				GCC_C_LANGUAGE_STANDARD = gnu17;
				GCC_NO_COMMON_BLOCKS = YES;
				GCC_WARN_64_TO_32_BIT_CONVERSION = YES;
				GCC_WARN_ABOUT_RETURN_TYPE = YES_ERROR;
				GCC_WARN_UNDECLARED_SELECTOR = YES;
				GCC_WARN_UNINITIALIZED_AUTOS = YES_AGGRESSIVE;
				GCC_WARN_UNUSED_FUNCTION = YES;
				GCC_WARN_UNUSED_VARIABLE = YES;
				IPHONEOS_DEPLOYMENT_TARGET = 17.2;
				LOCALIZATION_PREFERS_STRING_CATALOGS = YES;
				MTL_ENABLE_DEBUG_INFO = NO;
				MTL_FAST_MATH = YES;
				SDKROOT = iphoneos;
				SWIFT_COMPILATION_MODE = wholemodule;
				VALIDATE_PRODUCT = YES;
			};
			name = Release;
		};
		DBA2765F2C49916500FAD04F /* Debug */ = {
			isa = XCBuildConfiguration;
			buildSettings = {
				ASSETCATALOG_COMPILER_APPICON_NAME = AppIcon;
				ASSETCATALOG_COMPILER_GLOBAL_ACCENT_COLOR_NAME = AccentColor;
				CODE_SIGN_STYLE = Automatic;
				CURRENT_PROJECT_VERSION = 1;
				GENERATE_INFOPLIST_FILE = YES;
				INFOPLIST_FILE = combine_demo/Info.plist;
				INFOPLIST_KEY_UIApplicationSupportsIndirectInputEvents = YES;
				INFOPLIST_KEY_UILaunchStoryboardName = LaunchScreen;
				INFOPLIST_KEY_UIMainStoryboardFile = Main;
				INFOPLIST_KEY_UISupportedInterfaceOrientations_iPad = "UIInterfaceOrientationPortrait UIInterfaceOrientationPortraitUpsideDown UIInterfaceOrientationLandscapeLeft UIInterfaceOrientationLandscapeRight";
				INFOPLIST_KEY_UISupportedInterfaceOrientations_iPhone = "UIInterfaceOrientationPortrait UIInterfaceOrientationLandscapeLeft UIInterfaceOrientationLandscapeRight";
				LD_RUNPATH_SEARCH_PATHS = (
					"$(inherited)",
					"@executable_path/Frameworks",
				);
				MARKETING_VERSION = 1.0;
				PRODUCT_BUNDLE_IDENTIFIER = "com.danish.learn.combine.combine-demo";
				PRODUCT_NAME = "$(TARGET_NAME)";
				SWIFT_EMIT_LOC_STRINGS = YES;
				SWIFT_VERSION = 5.0;
				TARGETED_DEVICE_FAMILY = "1,2";
			};
			name = Debug;
		};
		DBA276602C49916500FAD04F /* Release */ = {
			isa = XCBuildConfiguration;
			buildSettings = {
				ASSETCATALOG_COMPILER_APPICON_NAME = AppIcon;
				ASSETCATALOG_COMPILER_GLOBAL_ACCENT_COLOR_NAME = AccentColor;
				CODE_SIGN_STYLE = Automatic;
				CURRENT_PROJECT_VERSION = 1;
				GENERATE_INFOPLIST_FILE = YES;
				INFOPLIST_FILE = combine_demo/Info.plist;
				INFOPLIST_KEY_UIApplicationSupportsIndirectInputEvents = YES;
				INFOPLIST_KEY_UILaunchStoryboardName = LaunchScreen;
				INFOPLIST_KEY_UIMainStoryboardFile = Main;
				INFOPLIST_KEY_UISupportedInterfaceOrientations_iPad = "UIInterfaceOrientationPortrait UIInterfaceOrientationPortraitUpsideDown UIInterfaceOrientationLandscapeLeft UIInterfaceOrientationLandscapeRight";
				INFOPLIST_KEY_UISupportedInterfaceOrientations_iPhone = "UIInterfaceOrientationPortrait UIInterfaceOrientationLandscapeLeft UIInterfaceOrientationLandscapeRight";
				LD_RUNPATH_SEARCH_PATHS = (
					"$(inherited)",
					"@executable_path/Frameworks",
				);
				MARKETING_VERSION = 1.0;
				PRODUCT_BUNDLE_IDENTIFIER = "com.danish.learn.combine.combine-demo";
				PRODUCT_NAME = "$(TARGET_NAME)";
				SWIFT_EMIT_LOC_STRINGS = YES;
				SWIFT_VERSION = 5.0;
				TARGETED_DEVICE_FAMILY = "1,2";
			};
			name = Release;
		};
		DBA276992C49EDC100FAD04F /* Debug */ = {
			isa = XCBuildConfiguration;
			buildSettings = {
				BUNDLE_LOADER = "$(TEST_HOST)";
				CODE_SIGN_STYLE = Automatic;
				CURRENT_PROJECT_VERSION = 1;
				GENERATE_INFOPLIST_FILE = YES;
				MARKETING_VERSION = 1.0;
				PRODUCT_BUNDLE_IDENTIFIER = "com.danish.learn.combine.combine-demoTests";
				PRODUCT_NAME = "$(TARGET_NAME)";
				SWIFT_EMIT_LOC_STRINGS = NO;
				SWIFT_VERSION = 5.0;
				TARGETED_DEVICE_FAMILY = "1,2";
				TEST_HOST = "$(BUILT_PRODUCTS_DIR)/combine_demo.app/$(BUNDLE_EXECUTABLE_FOLDER_PATH)/combine_demo";
			};
			name = Debug;
		};
		DBA2769A2C49EDC100FAD04F /* Release */ = {
			isa = XCBuildConfiguration;
			buildSettings = {
				BUNDLE_LOADER = "$(TEST_HOST)";
				CODE_SIGN_STYLE = Automatic;
				CURRENT_PROJECT_VERSION = 1;
				GENERATE_INFOPLIST_FILE = YES;
				MARKETING_VERSION = 1.0;
				PRODUCT_BUNDLE_IDENTIFIER = "com.danish.learn.combine.combine-demoTests";
				PRODUCT_NAME = "$(TARGET_NAME)";
				SWIFT_EMIT_LOC_STRINGS = NO;
				SWIFT_VERSION = 5.0;
				TARGETED_DEVICE_FAMILY = "1,2";
				TEST_HOST = "$(BUILT_PRODUCTS_DIR)/combine_demo.app/$(BUNDLE_EXECUTABLE_FOLDER_PATH)/combine_demo";
			};
			name = Release;
		};
/* End XCBuildConfiguration section */

/* Begin XCConfigurationList section */
		DBA276452C49916500FAD04F /* Build configuration list for PBXProject "combine_demo" */ = {
			isa = XCConfigurationList;
			buildConfigurations = (
				DBA2765C2C49916500FAD04F /* Debug */,
				DBA2765D2C49916500FAD04F /* Release */,
			);
			defaultConfigurationIsVisible = 0;
			defaultConfigurationName = Release;
		};
		DBA2765E2C49916500FAD04F /* Build configuration list for PBXNativeTarget "combine_demo" */ = {
			isa = XCConfigurationList;
			buildConfigurations = (
				DBA2765F2C49916500FAD04F /* Debug */,
				DBA276602C49916500FAD04F /* Release */,
			);
			defaultConfigurationIsVisible = 0;
			defaultConfigurationName = Release;
		};
		DBA276982C49EDC100FAD04F /* Build configuration list for PBXNativeTarget "combine_demoTests" */ = {
			isa = XCConfigurationList;
			buildConfigurations = (
				DBA276992C49EDC100FAD04F /* Debug */,
				DBA2769A2C49EDC100FAD04F /* Release */,
			);
			defaultConfigurationIsVisible = 0;
			defaultConfigurationName = Release;
		};
/* End XCConfigurationList section */
	};
	rootObject = DBA276422C49916500FAD04F /* Project object */;
}
